
Microsoft Visual Studio Solution File, Format Version 12.00
# Visual Studio 15
VisualStudioVersion = 15.0.28307.106
MinimumVisualStudioVersion = 10.0.40219.1
Project("{FAE04EC0-301F-11D3-BF4B-00C04F79EFBC}") = "Projet Info Solus Smadja", "Projet Info Solus Smadja\Projet Info Solus Smadja.csproj", "{FCC54A49-2490-40EB-9883-2164DA9216A8}"
EndProject
Global
	GlobalSection(SolutionConfigurationPlatforms) = preSolution
		Debug|Any CPU = Debug|Any CPU
		Release|Any CPU = Release|Any CPU
	EndGlobalSection
	GlobalSection(ProjectConfigurationPlatforms) = postSolution
		{FCC54A49-2490-40EB-9883-2164DA9216A8}.Debug|Any CPU.ActiveCfg = Debug|Any CPU
		{FCC54A49-2490-40EB-9883-2164DA9216A8}.Debug|Any CPU.Build.0 = Debug|Any CPU
		{FCC54A49-2490-40EB-9883-2164DA9216A8}.Release|Any CPU.ActiveCfg = Release|Any CPU
		{FCC54A49-2490-40EB-9883-2164DA9216A8}.Release|Any CPU.Build.0 = Release|Any CPU
	EndGlobalSection
	GlobalSection(SolutionProperties) = preSolution
		HideSolutionNode = FALSE
	EndGlobalSection
	GlobalSection(ExtensibilityGlobals) = postSolution
		SolutionGuid = {DC56A933-2F40-4DDE-805E-5705A96A9848}
	EndGlobalSection
EndGlobal
